
Microsoft Visual Studio Solution File, Format Version 12.00
# Visual Studio Version 16
VisualStudioVersion = 16.0.31624.102
MinimumVisualStudioVersion = 10.0.40219.1
Project("{FAE04EC0-301F-11D3-BF4B-00C04F79EFBC}") = "MVC_CSharp", "MVC_CSharp\MVC_CSharp.csproj", "{E61E34C8-7FEF-4227-9761-D93B247A0CFF}"
EndProject
Global
	GlobalSection(SolutionConfigurationPlatforms) = preSolution
		Debug|Any CPU = Debug|Any CPU
		Release|Any CPU = Release|Any CPU
	EndGlobalSection
	GlobalSection(ProjectConfigurationPlatforms) = postSolution
		{E61E34C8-7FEF-4227-9761-D93B247A0CFF}.Debug|Any CPU.ActiveCfg = Debug|Any CPU
		{E61E34C8-7FEF-4227-9761-D93B247A0CFF}.Debug|Any CPU.Build.0 = Debug|Any CPU
		{E61E34C8-7FEF-4227-9761-D93B247A0CFF}.Release|Any CPU.ActiveCfg = Release|Any CPU
		{E61E34C8-7FEF-4227-9761-D93B247A0CFF}.Release|Any CPU.Build.0 = Release|Any CPU
	EndGlobalSection
	GlobalSection(SolutionProperties) = preSolution
		HideSolutionNode = FALSE
	EndGlobalSection
	GlobalSection(ExtensibilityGlobals) = postSolution
		SolutionGuid = {EAC251BE-D87D-4122-B798-7D3980BF5788}
	EndGlobalSection
EndGlobal
